
Microsoft Visual Studio Solution File, Format Version 12.00
# Visual Studio Version 17
VisualStudioVersion = 17.3.32901.215
MinimumVisualStudioVersion = 10.0.40219.1
Project("{FAE04EC0-301F-11D3-BF4B-00C04F79EFBC}") = "Pr6m", "Pr6m\Pr6m.csproj", "{B8F5589B-1793-479D-B9E2-2A679024B81A}"
EndProject
Global
	GlobalSection(SolutionConfigurationPlatforms) = preSolution
		Debug|Any CPU = Debug|Any CPU
		Release|Any CPU = Release|Any CPU
	EndGlobalSection
	GlobalSection(ProjectConfigurationPlatforms) = postSolution
		{B8F5589B-1793-479D-B9E2-2A679024B81A}.Debug|Any CPU.ActiveCfg = Debug|Any CPU
		{B8F5589B-1793-479D-B9E2-2A679024B81A}.Debug|Any CPU.Build.0 = Debug|Any CPU
		{B8F5589B-1793-479D-B9E2-2A679024B81A}.Release|Any CPU.ActiveCfg = Release|Any CPU
		{B8F5589B-1793-479D-B9E2-2A679024B81A}.Release|Any CPU.Build.0 = Release|Any CPU
	EndGlobalSection
	GlobalSection(SolutionProperties) = preSolution
		HideSolutionNode = FALSE
	EndGlobalSection
	GlobalSection(ExtensibilityGlobals) = postSolution
		SolutionGuid = {80447F77-7016-43D0-8A91-28462F10F2D4}
	EndGlobalSection
EndGlobal
